
Microsoft Visual Studio Solution File, Format Version 11.00
# Visual Studio 2010
# SharpDevelop 4.4
Project("{FAE04EC0-301F-11D3-BF4B-00C04F79EFBC}") = "ejemploFibo", "ejemploFibo\ejemploFibo.csproj", "{3E500CB5-33FE-4051-8040-5FDC1242FEB3}"
EndProject
Global
	GlobalSection(SolutionConfigurationPlatforms) = preSolution
		Debug|Any CPU = Debug|Any CPU
		Release|Any CPU = Release|Any CPU
	EndGlobalSection
	GlobalSection(ProjectConfigurationPlatforms) = postSolution
		{3E500CB5-33FE-4051-8040-5FDC1242FEB3}.Debug|Any CPU.Build.0 = Debug|Any CPU
		{3E500CB5-33FE-4051-8040-5FDC1242FEB3}.Debug|Any CPU.ActiveCfg = Debug|Any CPU
		{3E500CB5-33FE-4051-8040-5FDC1242FEB3}.Release|Any CPU.Build.0 = Release|Any CPU
		{3E500CB5-33FE-4051-8040-5FDC1242FEB3}.Release|Any CPU.ActiveCfg = Release|Any CPU
	EndGlobalSection
EndGlobal
