
Microsoft Visual Studio Solution File, Format Version 11.00
# Visual Studio 2010
# SharpDevelop 4.4
Project("{FAE04EC0-301F-11D3-BF4B-00C04F79EFBC}") = "ventanizacion", "ventanizacion\ventanizacion.csproj", "{519DB550-6A4A-47F5-AC9C-8D3DE713BCD6}"
EndProject
Global
	GlobalSection(SolutionConfigurationPlatforms) = preSolution
		Debug|Any CPU = Debug|Any CPU
		Release|Any CPU = Release|Any CPU
	EndGlobalSection
	GlobalSection(ProjectConfigurationPlatforms) = postSolution
		{519DB550-6A4A-47F5-AC9C-8D3DE713BCD6}.Debug|Any CPU.Build.0 = Debug|Any CPU
		{519DB550-6A4A-47F5-AC9C-8D3DE713BCD6}.Debug|Any CPU.ActiveCfg = Debug|Any CPU
		{519DB550-6A4A-47F5-AC9C-8D3DE713BCD6}.Release|Any CPU.Build.0 = Release|Any CPU
		{519DB550-6A4A-47F5-AC9C-8D3DE713BCD6}.Release|Any CPU.ActiveCfg = Release|Any CPU
	EndGlobalSection
EndGlobal
